// !$*UTF8*$!
{
	archiveVersion = 1;
	classes = {
	};
	objectVersion = 56;
	objects = {

/* Begin PBXBuildFile section */
		CE2225102A46AF2100F5DBB9 /* DrinkWaterApp.swift in Sources */ = {isa = PBXBuildFile; fileRef = CE22250F2A46AF2100F5DBB9 /* DrinkWaterApp.swift */; };
		CE2225142A46AF2200F5DBB9 /* Assets.xcassets in Resources */ = {isa = PBXBuildFile; fileRef = CE2225132A46AF2200F5DBB9 /* Assets.xcassets */; };
		CE2225172A46AF2200F5DBB9 /* Preview Assets.xcassets in Resources */ = {isa = PBXBuildFile; fileRef = CE2225162A46AF2200F5DBB9 /* Preview Assets.xcassets */; };
		CE2225212A46AF2200F5DBB9 /* DrinkWaterTests.swift in Sources */ = {isa = PBXBuildFile; fileRef = CE2225202A46AF2200F5DBB9 /* DrinkWaterTests.swift */; };
		CE22252B2A46AF2200F5DBB9 /* DrinkWaterUITests.swift in Sources */ = {isa = PBXBuildFile; fileRef = CE22252A2A46AF2200F5DBB9 /* DrinkWaterUITests.swift */; };
		CE22252D2A46AF2200F5DBB9 /* DrinkWaterUITestsLaunchTests.swift in Sources */ = {isa = PBXBuildFile; fileRef = CE22252C2A46AF2200F5DBB9 /* DrinkWaterUITestsLaunchTests.swift */; };
		CE40541C2A5ECE80009BA528 /* SnapshotHelper.swift in Sources */ = {isa = PBXBuildFile; fileRef = CE40541B2A5ECE80009BA528 /* SnapshotHelper.swift */; };
		CE4E5C232A69466C004A9DBC /* Water.swift in Sources */ = {isa = PBXBuildFile; fileRef = CE4E5C222A69466C004A9DBC /* Water.swift */; };
		CE4E5C252A694C69004A9DBC /* UserDefaults+Extensions.swift in Sources */ = {isa = PBXBuildFile; fileRef = CE4E5C242A694C69004A9DBC /* UserDefaults+Extensions.swift */; };
		CE4E5C2B2A694DD4004A9DBC /* String+Extensions.swift in Sources */ = {isa = PBXBuildFile; fileRef = CE4E5C2A2A694DD4004A9DBC /* String+Extensions.swift */; };
		CE7771832A83B5AD00EA6BC2 /* GlassOfWaterSettable.swift in Sources */ = {isa = PBXBuildFile; fileRef = CE7771822A83B5AD00EA6BC2 /* GlassOfWaterSettable.swift */; };
		CE9CCFEF2A7BF82300083F7E /* OnboardingVIew.swift in Sources */ = {isa = PBXBuildFile; fileRef = CE9CCFEE2A7BF82300083F7E /* OnboardingVIew.swift */; };
		CEB99B872A57096F0061F09E /* bubble_dark.json in Resources */ = {isa = PBXBuildFile; fileRef = CEB99B852A57096F0061F09E /* bubble_dark.json */; };
		CEB99B882A57096F0061F09E /* bubble_light.json in Resources */ = {isa = PBXBuildFile; fileRef = CEB99B862A57096F0061F09E /* bubble_light.json */; };
		CECB535C2A46B1EB007D139B /* WidgetKit.framework in Frameworks */ = {isa = PBXBuildFile; fileRef = CECB535B2A46B1EB007D139B /* WidgetKit.framework */; };
		CECB535E2A46B1EB007D139B /* SwiftUI.framework in Frameworks */ = {isa = PBXBuildFile; fileRef = CECB535D2A46B1EB007D139B /* SwiftUI.framework */; };
		CECB53612A46B1EC007D139B /* DrinkWaterWidgetBundle.swift in Sources */ = {isa = PBXBuildFile; fileRef = CECB53602A46B1EC007D139B /* DrinkWaterWidgetBundle.swift */; };
		CECB53632A46B1EC007D139B /* DrinkWaterWidgetLiveActivity.swift in Sources */ = {isa = PBXBuildFile; fileRef = CECB53622A46B1EC007D139B /* DrinkWaterWidgetLiveActivity.swift */; };
		CECB53682A46B1EC007D139B /* Assets.xcassets in Resources */ = {isa = PBXBuildFile; fileRef = CECB53672A46B1EC007D139B /* Assets.xcassets */; };
		CECB536A2A46B1EC007D139B /* DrinkWaterWidget.intentdefinition in Sources */ = {isa = PBXBuildFile; fileRef = CECB53662A46B1EC007D139B /* DrinkWaterWidget.intentdefinition */; };
		CECB536B2A46B1EC007D139B /* DrinkWaterWidget.intentdefinition in Sources */ = {isa = PBXBuildFile; fileRef = CECB53662A46B1EC007D139B /* DrinkWaterWidget.intentdefinition */; };
		CECB536E2A46B1EC007D139B /* DrinkWaterWidgetExtension.appex in Embed Foundation Extensions */ = {isa = PBXBuildFile; fileRef = CECB53592A46B1EB007D139B /* DrinkWaterWidgetExtension.appex */; settings = {ATTRIBUTES = (RemoveHeadersOnCopy, ); }; };
		CECB53742A46B2AF007D139B /* MainView.swift in Sources */ = {isa = PBXBuildFile; fileRef = CECB53732A46B2AF007D139B /* MainView.swift */; };
		CECB53782A46C48B007D139B /* DrinkWaterWidgetLiveActivity.swift in Sources */ = {isa = PBXBuildFile; fileRef = CECB53622A46B1EC007D139B /* DrinkWaterWidgetLiveActivity.swift */; };
		CECB537B2A46C742007D139B /* DrinkWaterWidget.swift in Sources */ = {isa = PBXBuildFile; fileRef = CECB53642A46B1EC007D139B /* DrinkWaterWidget.swift */; };
		CED129AA2A4C45860079E416 /* MainTabView.swift in Sources */ = {isa = PBXBuildFile; fileRef = CED129A92A4C45860079E416 /* MainTabView.swift */; };
		CED129AE2A4C47D70079E416 /* DrinkView.swift in Sources */ = {isa = PBXBuildFile; fileRef = CED129AD2A4C47D70079E416 /* DrinkView.swift */; };
		CEDC7D392A794563007E89A9 /* UserDefaults+Extensions.swift in Sources */ = {isa = PBXBuildFile; fileRef = CE4E5C242A694C69004A9DBC /* UserDefaults+Extensions.swift */; };
		CEE66B342A55C729001A1197 /* Lottie in Frameworks */ = {isa = PBXBuildFile; productRef = CEE66B332A55C729001A1197 /* Lottie */; };
		CEE66B362A55C826001A1197 /* SplashView.swift in Sources */ = {isa = PBXBuildFile; fileRef = CEE66B352A55C826001A1197 /* SplashView.swift */; };
		CEE66B392A55C85A001A1197 /* LottieView.swift in Sources */ = {isa = PBXBuildFile; fileRef = CEE66B382A55C85A001A1197 /* LottieView.swift */; };
		CEE66B3E2A55C8BE001A1197 /* FadeInOutView.swift in Sources */ = {isa = PBXBuildFile; fileRef = CEE66B3D2A55C8BE001A1197 /* FadeInOutView.swift */; };
		CEE66B4A2A55D37D001A1197 /* WaterWave.swift in Sources */ = {isa = PBXBuildFile; fileRef = CEE66B492A55D37D001A1197 /* WaterWave.swift */; };
/* End PBXBuildFile section */

/* Begin PBXContainerItemProxy section */
		CE22251D2A46AF2200F5DBB9 /* PBXContainerItemProxy */ = {
			isa = PBXContainerItemProxy;
			containerPortal = CE2225042A46AF2100F5DBB9 /* Project object */;
			proxyType = 1;
			remoteGlobalIDString = CE22250B2A46AF2100F5DBB9;
			remoteInfo = DrinkWater;
		};
		CE2225272A46AF2200F5DBB9 /* PBXContainerItemProxy */ = {
			isa = PBXContainerItemProxy;
			containerPortal = CE2225042A46AF2100F5DBB9 /* Project object */;
			proxyType = 1;
			remoteGlobalIDString = CE22250B2A46AF2100F5DBB9;
			remoteInfo = DrinkWater;
		};
		CECB536C2A46B1EC007D139B /* PBXContainerItemProxy */ = {
			isa = PBXContainerItemProxy;
			containerPortal = CE2225042A46AF2100F5DBB9 /* Project object */;
			proxyType = 1;
			remoteGlobalIDString = CECB53582A46B1EB007D139B;
			remoteInfo = DrinkWaterWidgetExtension;
		};
/* End PBXContainerItemProxy section */

/* Begin PBXCopyFilesBuildPhase section */
		CECB536F2A46B1EC007D139B /* Embed Foundation Extensions */ = {
			isa = PBXCopyFilesBuildPhase;
			buildActionMask = 2147483647;
			dstPath = "";
			dstSubfolderSpec = 13;
			files = (
				CECB536E2A46B1EC007D139B /* DrinkWaterWidgetExtension.appex in Embed Foundation Extensions */,
			);
			name = "Embed Foundation Extensions";
			runOnlyForDeploymentPostprocessing = 0;
		};
/* End PBXCopyFilesBuildPhase section */

/* Begin PBXFileReference section */
		CE22250C2A46AF2100F5DBB9 /* DrinkWater.app */ = {isa = PBXFileReference; explicitFileType = wrapper.application; includeInIndex = 0; path = DrinkWater.app; sourceTree = BUILT_PRODUCTS_DIR; };
		CE22250F2A46AF2100F5DBB9 /* DrinkWaterApp.swift */ = {isa = PBXFileReference; lastKnownFileType = sourcecode.swift; path = DrinkWaterApp.swift; sourceTree = "<group>"; };
		CE2225132A46AF2200F5DBB9 /* Assets.xcassets */ = {isa = PBXFileReference; lastKnownFileType = folder.assetcatalog; path = Assets.xcassets; sourceTree = "<group>"; };
		CE2225162A46AF2200F5DBB9 /* Preview Assets.xcassets */ = {isa = PBXFileReference; lastKnownFileType = folder.assetcatalog; path = "Preview Assets.xcassets"; sourceTree = "<group>"; };
		CE22251C2A46AF2200F5DBB9 /* DrinkWaterTests.xctest */ = {isa = PBXFileReference; explicitFileType = wrapper.cfbundle; includeInIndex = 0; path = DrinkWaterTests.xctest; sourceTree = BUILT_PRODUCTS_DIR; };
		CE2225202A46AF2200F5DBB9 /* DrinkWaterTests.swift */ = {isa = PBXFileReference; lastKnownFileType = sourcecode.swift; path = DrinkWaterTests.swift; sourceTree = "<group>"; };
		CE2225262A46AF2200F5DBB9 /* DrinkWaterUITests.xctest */ = {isa = PBXFileReference; explicitFileType = wrapper.cfbundle; includeInIndex = 0; path = DrinkWaterUITests.xctest; sourceTree = BUILT_PRODUCTS_DIR; };
		CE22252A2A46AF2200F5DBB9 /* DrinkWaterUITests.swift */ = {isa = PBXFileReference; lastKnownFileType = sourcecode.swift; path = DrinkWaterUITests.swift; sourceTree = "<group>"; };
		CE22252C2A46AF2200F5DBB9 /* DrinkWaterUITestsLaunchTests.swift */ = {isa = PBXFileReference; lastKnownFileType = sourcecode.swift; path = DrinkWaterUITestsLaunchTests.swift; sourceTree = "<group>"; };
		CE40541B2A5ECE80009BA528 /* SnapshotHelper.swift */ = {isa = PBXFileReference; fileEncoding = 4; lastKnownFileType = sourcecode.swift; path = SnapshotHelper.swift; sourceTree = "<group>"; };
		CE4E5C222A69466C004A9DBC /* Water.swift */ = {isa = PBXFileReference; lastKnownFileType = sourcecode.swift; path = Water.swift; sourceTree = "<group>"; };
		CE4E5C242A694C69004A9DBC /* UserDefaults+Extensions.swift */ = {isa = PBXFileReference; lastKnownFileType = sourcecode.swift; path = "UserDefaults+Extensions.swift"; sourceTree = "<group>"; };
		CE4E5C2A2A694DD4004A9DBC /* String+Extensions.swift */ = {isa = PBXFileReference; lastKnownFileType = sourcecode.swift; path = "String+Extensions.swift"; sourceTree = "<group>"; };
		CE7771822A83B5AD00EA6BC2 /* GlassOfWaterSettable.swift */ = {isa = PBXFileReference; lastKnownFileType = sourcecode.swift; path = GlassOfWaterSettable.swift; sourceTree = "<group>"; };
		CE9CCFEE2A7BF82300083F7E /* OnboardingVIew.swift */ = {isa = PBXFileReference; lastKnownFileType = sourcecode.swift; path = OnboardingVIew.swift; sourceTree = "<group>"; };
		CEB99B852A57096F0061F09E /* bubble_dark.json */ = {isa = PBXFileReference; fileEncoding = 4; lastKnownFileType = text.json; path = bubble_dark.json; sourceTree = "<group>"; };
		CEB99B862A57096F0061F09E /* bubble_light.json */ = {isa = PBXFileReference; fileEncoding = 4; lastKnownFileType = text.json; path = bubble_light.json; sourceTree = "<group>"; };
		CECACECB2A600FA400956020 /* Info.plist */ = {isa = PBXFileReference; lastKnownFileType = text.plist; path = Info.plist; sourceTree = "<group>"; };
		CECB53592A46B1EB007D139B /* DrinkWaterWidgetExtension.appex */ = {isa = PBXFileReference; explicitFileType = "wrapper.app-extension"; includeInIndex = 0; path = DrinkWaterWidgetExtension.appex; sourceTree = BUILT_PRODUCTS_DIR; };
		CECB535B2A46B1EB007D139B /* WidgetKit.framework */ = {isa = PBXFileReference; lastKnownFileType = wrapper.framework; name = WidgetKit.framework; path = System/Library/Frameworks/WidgetKit.framework; sourceTree = SDKROOT; };
		CECB535D2A46B1EB007D139B /* SwiftUI.framework */ = {isa = PBXFileReference; lastKnownFileType = wrapper.framework; name = SwiftUI.framework; path = System/Library/Frameworks/SwiftUI.framework; sourceTree = SDKROOT; };
		CECB53602A46B1EC007D139B /* DrinkWaterWidgetBundle.swift */ = {isa = PBXFileReference; lastKnownFileType = sourcecode.swift; path = DrinkWaterWidgetBundle.swift; sourceTree = "<group>"; };
		CECB53622A46B1EC007D139B /* DrinkWaterWidgetLiveActivity.swift */ = {isa = PBXFileReference; lastKnownFileType = sourcecode.swift; path = DrinkWaterWidgetLiveActivity.swift; sourceTree = "<group>"; };
		CECB53642A46B1EC007D139B /* DrinkWaterWidget.swift */ = {isa = PBXFileReference; lastKnownFileType = sourcecode.swift; path = DrinkWaterWidget.swift; sourceTree = "<group>"; };
		CECB53662A46B1EC007D139B /* DrinkWaterWidget.intentdefinition */ = {isa = PBXFileReference; lastKnownFileType = file.intentdefinition; path = DrinkWaterWidget.intentdefinition; sourceTree = "<group>"; };
		CECB53672A46B1EC007D139B /* Assets.xcassets */ = {isa = PBXFileReference; lastKnownFileType = folder.assetcatalog; path = Assets.xcassets; sourceTree = "<group>"; };
		CECB53692A46B1EC007D139B /* Info.plist */ = {isa = PBXFileReference; lastKnownFileType = text.plist.xml; path = Info.plist; sourceTree = "<group>"; };
		CECB53732A46B2AF007D139B /* MainView.swift */ = {isa = PBXFileReference; lastKnownFileType = sourcecode.swift; path = MainView.swift; sourceTree = "<group>"; };
		CECB53752A46BE92007D139B /* DrinkWaterWidgetExtension.entitlements */ = {isa = PBXFileReference; lastKnownFileType = text.plist.entitlements; path = DrinkWaterWidgetExtension.entitlements; sourceTree = "<group>"; };
		CECB53762A46C2AC007D139B /* DrinkWater.entitlements */ = {isa = PBXFileReference; lastKnownFileType = text.plist.entitlements; path = DrinkWater.entitlements; sourceTree = "<group>"; };
		CED129A92A4C45860079E416 /* MainTabView.swift */ = {isa = PBXFileReference; lastKnownFileType = sourcecode.swift; path = MainTabView.swift; sourceTree = "<group>"; };
		CED129AD2A4C47D70079E416 /* DrinkView.swift */ = {isa = PBXFileReference; lastKnownFileType = sourcecode.swift; path = DrinkView.swift; sourceTree = "<group>"; };
		CEE66B352A55C826001A1197 /* SplashView.swift */ = {isa = PBXFileReference; lastKnownFileType = sourcecode.swift; path = SplashView.swift; sourceTree = "<group>"; };
		CEE66B382A55C85A001A1197 /* LottieView.swift */ = {isa = PBXFileReference; lastKnownFileType = sourcecode.swift; path = LottieView.swift; sourceTree = "<group>"; };
		CEE66B3D2A55C8BE001A1197 /* FadeInOutView.swift */ = {isa = PBXFileReference; lastKnownFileType = sourcecode.swift; path = FadeInOutView.swift; sourceTree = "<group>"; };
		CEE66B492A55D37D001A1197 /* WaterWave.swift */ = {isa = PBXFileReference; lastKnownFileType = sourcecode.swift; path = WaterWave.swift; sourceTree = "<group>"; };
/* End PBXFileReference section */

/* Begin PBXFrameworksBuildPhase section */
		CE2225092A46AF2100F5DBB9 /* Frameworks */ = {
			isa = PBXFrameworksBuildPhase;
			buildActionMask = 2147483647;
			files = (
				CEE66B342A55C729001A1197 /* Lottie in Frameworks */,
			);
			runOnlyForDeploymentPostprocessing = 0;
		};
		CE2225192A46AF2200F5DBB9 /* Frameworks */ = {
			isa = PBXFrameworksBuildPhase;
			buildActionMask = 2147483647;
			files = (
			);
			runOnlyForDeploymentPostprocessing = 0;
		};
		CE2225232A46AF2200F5DBB9 /* Frameworks */ = {
			isa = PBXFrameworksBuildPhase;
			buildActionMask = 2147483647;
			files = (
			);
			runOnlyForDeploymentPostprocessing = 0;
		};
		CECB53562A46B1EB007D139B /* Frameworks */ = {
			isa = PBXFrameworksBuildPhase;
			buildActionMask = 2147483647;
			files = (
				CECB535E2A46B1EB007D139B /* SwiftUI.framework in Frameworks */,
				CECB535C2A46B1EB007D139B /* WidgetKit.framework in Frameworks */,
			);
			runOnlyForDeploymentPostprocessing = 0;
		};
/* End PBXFrameworksBuildPhase section */

/* Begin PBXGroup section */
		CE2225032A46AF2100F5DBB9 = {
			isa = PBXGroup;
			children = (
				CECB53752A46BE92007D139B /* DrinkWaterWidgetExtension.entitlements */,
				CE22250E2A46AF2100F5DBB9 /* DrinkWater */,
				CE22251F2A46AF2200F5DBB9 /* DrinkWaterTests */,
				CE2225292A46AF2200F5DBB9 /* DrinkWaterUITests */,
				CECB535F2A46B1EC007D139B /* DrinkWaterWidget */,
				CECB535A2A46B1EB007D139B /* Frameworks */,
				CE22250D2A46AF2100F5DBB9 /* Products */,
			);
			sourceTree = "<group>";
		};
		CE22250D2A46AF2100F5DBB9 /* Products */ = {
			isa = PBXGroup;
			children = (
				CE22250C2A46AF2100F5DBB9 /* DrinkWater.app */,
				CE22251C2A46AF2200F5DBB9 /* DrinkWaterTests.xctest */,
				CE2225262A46AF2200F5DBB9 /* DrinkWaterUITests.xctest */,
				CECB53592A46B1EB007D139B /* DrinkWaterWidgetExtension.appex */,
			);
			name = Products;
			sourceTree = "<group>";
		};
		CE22250E2A46AF2100F5DBB9 /* DrinkWater */ = {
			isa = PBXGroup;
			children = (
				CE4E5C282A694C91004A9DBC /* App */,
				CEE66B3C2A55C884001A1197 /* Lottie */,
				CE4E5C262A694C81004A9DBC /* Model */,
				CE4E5C272A694C8A004A9DBC /* Views */,
				CE4E5C242A694C69004A9DBC /* UserDefaults+Extensions.swift */,
				CE4E5C2A2A694DD4004A9DBC /* String+Extensions.swift */,
				CECACECB2A600FA400956020 /* Info.plist */,
				CECB53762A46C2AC007D139B /* DrinkWater.entitlements */,
				CE2225132A46AF2200F5DBB9 /* Assets.xcassets */,
				CE2225152A46AF2200F5DBB9 /* Preview Content */,
				CE7771822A83B5AD00EA6BC2 /* GlassOfWaterSettable.swift */,
			);
			path = DrinkWater;
			sourceTree = "<group>";
		};
		CE2225152A46AF2200F5DBB9 /* Preview Content */ = {
			isa = PBXGroup;
			children = (
				CE2225162A46AF2200F5DBB9 /* Preview Assets.xcassets */,
			);
			path = "Preview Content";
			sourceTree = "<group>";
		};
		CE22251F2A46AF2200F5DBB9 /* DrinkWaterTests */ = {
			isa = PBXGroup;
			children = (
				CE2225202A46AF2200F5DBB9 /* DrinkWaterTests.swift */,
			);
			path = DrinkWaterTests;
			sourceTree = "<group>";
		};
		CE2225292A46AF2200F5DBB9 /* DrinkWaterUITests */ = {
			isa = PBXGroup;
			children = (
				CE40541B2A5ECE80009BA528 /* SnapshotHelper.swift */,
				CE22252A2A46AF2200F5DBB9 /* DrinkWaterUITests.swift */,
				CE22252C2A46AF2200F5DBB9 /* DrinkWaterUITestsLaunchTests.swift */,
			);
			path = DrinkWaterUITests;
			sourceTree = "<group>";
		};
		CE4E5C262A694C81004A9DBC /* Model */ = {
			isa = PBXGroup;
			children = (
				CE4E5C222A69466C004A9DBC /* Water.swift */,
			);
			path = Model;
			sourceTree = "<group>";
		};
		CE4E5C272A694C8A004A9DBC /* Views */ = {
			isa = PBXGroup;
			children = (
				CE4E5C292A694CA8004A9DBC /* Splash */,
				CE9CCFEE2A7BF82300083F7E /* OnboardingVIew.swift */,
				CED129A92A4C45860079E416 /* MainTabView.swift */,
				CEDC7D3A2A794C9D007E89A9 /* Main */,
			);
			path = Views;
			sourceTree = "<group>";
		};
		CE4E5C282A694C91004A9DBC /* App */ = {
			isa = PBXGroup;
			children = (
				CE22250F2A46AF2100F5DBB9 /* DrinkWaterApp.swift */,
			);
			path = App;
			sourceTree = "<group>";
		};
		CE4E5C292A694CA8004A9DBC /* Splash */ = {
			isa = PBXGroup;
			children = (
				CEE66B352A55C826001A1197 /* SplashView.swift */,
				CEE66B382A55C85A001A1197 /* LottieView.swift */,
				CEE66B3D2A55C8BE001A1197 /* FadeInOutView.swift */,
			);
			path = Splash;
			sourceTree = "<group>";
		};
		CECB535A2A46B1EB007D139B /* Frameworks */ = {
			isa = PBXGroup;
			children = (
				CECB535B2A46B1EB007D139B /* WidgetKit.framework */,
				CECB535D2A46B1EB007D139B /* SwiftUI.framework */,
			);
			name = Frameworks;
			sourceTree = "<group>";
		};
		CECB535F2A46B1EC007D139B /* DrinkWaterWidget */ = {
			isa = PBXGroup;
			children = (
				CECB53602A46B1EC007D139B /* DrinkWaterWidgetBundle.swift */,
				CECB53622A46B1EC007D139B /* DrinkWaterWidgetLiveActivity.swift */,
				CECB53642A46B1EC007D139B /* DrinkWaterWidget.swift */,
				CECB53662A46B1EC007D139B /* DrinkWaterWidget.intentdefinition */,
				CECB53672A46B1EC007D139B /* Assets.xcassets */,
				CECB53692A46B1EC007D139B /* Info.plist */,
			);
			path = DrinkWaterWidget;
			sourceTree = "<group>";
		};
		CEDC7D3A2A794C9D007E89A9 /* Main */ = {
			isa = PBXGroup;
			children = (
				CECB53732A46B2AF007D139B /* MainView.swift */,
				CED129AD2A4C47D70079E416 /* DrinkView.swift */,
				CEE66B492A55D37D001A1197 /* WaterWave.swift */,
			);
			path = Main;
			sourceTree = "<group>";
		};
		CEE66B3C2A55C884001A1197 /* Lottie */ = {
			isa = PBXGroup;
			children = (
				CEB99B852A57096F0061F09E /* bubble_dark.json */,
				CEB99B862A57096F0061F09E /* bubble_light.json */,
			);
			path = Lottie;
			sourceTree = "<group>";
		};
/* End PBXGroup section */

/* Begin PBXNativeTarget section */
		CE22250B2A46AF2100F5DBB9 /* DrinkWater */ = {
			isa = PBXNativeTarget;
			buildConfigurationList = CE2225302A46AF2200F5DBB9 /* Build configuration list for PBXNativeTarget "DrinkWater" */;
			buildPhases = (
				CE2225082A46AF2100F5DBB9 /* Sources */,
				CE2225092A46AF2100F5DBB9 /* Frameworks */,
				CE22250A2A46AF2100F5DBB9 /* Resources */,
				CECB536F2A46B1EC007D139B /* Embed Foundation Extensions */,
			);
			buildRules = (
			);
			dependencies = (
				CECB536D2A46B1EC007D139B /* PBXTargetDependency */,
			);
			name = DrinkWater;
			packageProductDependencies = (
				CEE66B332A55C729001A1197 /* Lottie */,
			);
			productName = DrinkWater;
			productReference = CE22250C2A46AF2100F5DBB9 /* DrinkWater.app */;
			productType = "com.apple.product-type.application";
		};
		CE22251B2A46AF2200F5DBB9 /* DrinkWaterTests */ = {
			isa = PBXNativeTarget;
			buildConfigurationList = CE2225332A46AF2200F5DBB9 /* Build configuration list for PBXNativeTarget "DrinkWaterTests" */;
			buildPhases = (
				CE2225182A46AF2200F5DBB9 /* Sources */,
				CE2225192A46AF2200F5DBB9 /* Frameworks */,
				CE22251A2A46AF2200F5DBB9 /* Resources */,
			);
			buildRules = (
			);
			dependencies = (
				CE22251E2A46AF2200F5DBB9 /* PBXTargetDependency */,
			);
			name = DrinkWaterTests;
			productName = DrinkWaterTests;
			productReference = CE22251C2A46AF2200F5DBB9 /* DrinkWaterTests.xctest */;
			productType = "com.apple.product-type.bundle.unit-test";
		};
		CE2225252A46AF2200F5DBB9 /* DrinkWaterUITests */ = {
			isa = PBXNativeTarget;
			buildConfigurationList = CE2225362A46AF2200F5DBB9 /* Build configuration list for PBXNativeTarget "DrinkWaterUITests" */;
			buildPhases = (
				CE2225222A46AF2200F5DBB9 /* Sources */,
				CE2225232A46AF2200F5DBB9 /* Frameworks */,
				CE2225242A46AF2200F5DBB9 /* Resources */,
			);
			buildRules = (
			);
			dependencies = (
				CE2225282A46AF2200F5DBB9 /* PBXTargetDependency */,
			);
			name = DrinkWaterUITests;
			productName = DrinkWaterUITests;
			productReference = CE2225262A46AF2200F5DBB9 /* DrinkWaterUITests.xctest */;
			productType = "com.apple.product-type.bundle.ui-testing";
		};
		CECB53582A46B1EB007D139B /* DrinkWaterWidgetExtension */ = {
			isa = PBXNativeTarget;
			buildConfigurationList = CECB53722A46B1EC007D139B /* Build configuration list for PBXNativeTarget "DrinkWaterWidgetExtension" */;
			buildPhases = (
				CECB53552A46B1EB007D139B /* Sources */,
				CECB53562A46B1EB007D139B /* Frameworks */,
				CECB53572A46B1EB007D139B /* Resources */,
			);
			buildRules = (
			);
			dependencies = (
			);
			name = DrinkWaterWidgetExtension;
			productName = DrinkWaterWidgetExtension;
			productReference = CECB53592A46B1EB007D139B /* DrinkWaterWidgetExtension.appex */;
			productType = "com.apple.product-type.app-extension";
		};
/* End PBXNativeTarget section */

/* Begin PBXProject section */
		CE2225042A46AF2100F5DBB9 /* Project object */ = {
			isa = PBXProject;
			attributes = {
				BuildIndependentTargetsInParallel = 1;
				LastSwiftUpdateCheck = 1430;
				LastUpgradeCheck = 1500;
				TargetAttributes = {
					CE22250B2A46AF2100F5DBB9 = {
						CreatedOnToolsVersion = 15.0;
					};
					CE22251B2A46AF2200F5DBB9 = {
						CreatedOnToolsVersion = 15.0;
						TestTargetID = CE22250B2A46AF2100F5DBB9;
					};
					CE2225252A46AF2200F5DBB9 = {
						CreatedOnToolsVersion = 15.0;
						TestTargetID = CE22250B2A46AF2100F5DBB9;
					};
					CECB53582A46B1EB007D139B = {
						CreatedOnToolsVersion = 14.3.1;
					};
				};
			};
			buildConfigurationList = CE2225072A46AF2100F5DBB9 /* Build configuration list for PBXProject "DrinkWater" */;
			compatibilityVersion = "Xcode 14.0";
			developmentRegion = ko;
			hasScannedForEncodings = 0;
			knownRegions = (
				en,
				Base,
				ko,
			);
			mainGroup = CE2225032A46AF2100F5DBB9;
			packageReferences = (
				CEE66B322A55C729001A1197 /* XCRemoteSwiftPackageReference "lottie-spm" */,
			);
			productRefGroup = CE22250D2A46AF2100F5DBB9 /* Products */;
			projectDirPath = "";
			projectRoot = "";
			targets = (
				CE22250B2A46AF2100F5DBB9 /* DrinkWater */,
				CE22251B2A46AF2200F5DBB9 /* DrinkWaterTests */,
				CE2225252A46AF2200F5DBB9 /* DrinkWaterUITests */,
				CECB53582A46B1EB007D139B /* DrinkWaterWidgetExtension */,
			);
		};
/* End PBXProject section */

/* Begin PBXResourcesBuildPhase section */
		CE22250A2A46AF2100F5DBB9 /* Resources */ = {
			isa = PBXResourcesBuildPhase;
			buildActionMask = 2147483647;
			files = (
				CEB99B882A57096F0061F09E /* bubble_light.json in Resources */,
				CE2225172A46AF2200F5DBB9 /* Preview Assets.xcassets in Resources */,
				CE2225142A46AF2200F5DBB9 /* Assets.xcassets in Resources */,
				CEB99B872A57096F0061F09E /* bubble_dark.json in Resources */,
			);
			runOnlyForDeploymentPostprocessing = 0;
		};
		CE22251A2A46AF2200F5DBB9 /* Resources */ = {
			isa = PBXResourcesBuildPhase;
			buildActionMask = 2147483647;
			files = (
			);
			runOnlyForDeploymentPostprocessing = 0;
		};
		CE2225242A46AF2200F5DBB9 /* Resources */ = {
			isa = PBXResourcesBuildPhase;
			buildActionMask = 2147483647;
			files = (
			);
			runOnlyForDeploymentPostprocessing = 0;
		};
		CECB53572A46B1EB007D139B /* Resources */ = {
			isa = PBXResourcesBuildPhase;
			buildActionMask = 2147483647;
			files = (
				CECB53682A46B1EC007D139B /* Assets.xcassets in Resources */,
			);
			runOnlyForDeploymentPostprocessing = 0;
		};
/* End PBXResourcesBuildPhase section */

/* Begin PBXSourcesBuildPhase section */
		CE2225082A46AF2100F5DBB9 /* Sources */ = {
			isa = PBXSourcesBuildPhase;
			buildActionMask = 2147483647;
			files = (
				CE2225102A46AF2100F5DBB9 /* DrinkWaterApp.swift in Sources */,
				CE4E5C2B2A694DD4004A9DBC /* String+Extensions.swift in Sources */,
				CE4E5C232A69466C004A9DBC /* Water.swift in Sources */,
				CE4E5C252A694C69004A9DBC /* UserDefaults+Extensions.swift in Sources */,
				CEE66B362A55C826001A1197 /* SplashView.swift in Sources */,
				CE9CCFEF2A7BF82300083F7E /* OnboardingVIew.swift in Sources */,
				CEE66B392A55C85A001A1197 /* LottieView.swift in Sources */,
				CEE66B4A2A55D37D001A1197 /* WaterWave.swift in Sources */,
				CECB536B2A46B1EC007D139B /* DrinkWaterWidget.intentdefinition in Sources */,
				CECB53742A46B2AF007D139B /* MainView.swift in Sources */,
				CEE66B3E2A55C8BE001A1197 /* FadeInOutView.swift in Sources */,
				CED129AA2A4C45860079E416 /* MainTabView.swift in Sources */,
				CE7771832A83B5AD00EA6BC2 /* GlassOfWaterSettable.swift in Sources */,
				CED129AE2A4C47D70079E416 /* DrinkView.swift in Sources */,
				CECB53782A46C48B007D139B /* DrinkWaterWidgetLiveActivity.swift in Sources */,
			);
			runOnlyForDeploymentPostprocessing = 0;
		};
		CE2225182A46AF2200F5DBB9 /* Sources */ = {
			isa = PBXSourcesBuildPhase;
			buildActionMask = 2147483647;
			files = (
				CE2225212A46AF2200F5DBB9 /* DrinkWaterTests.swift in Sources */,
			);
			runOnlyForDeploymentPostprocessing = 0;
		};
		CE2225222A46AF2200F5DBB9 /* Sources */ = {
			isa = PBXSourcesBuildPhase;
			buildActionMask = 2147483647;
			files = (
				CE22252B2A46AF2200F5DBB9 /* DrinkWaterUITests.swift in Sources */,
				CE22252D2A46AF2200F5DBB9 /* DrinkWaterUITestsLaunchTests.swift in Sources */,
				CE40541C2A5ECE80009BA528 /* SnapshotHelper.swift in Sources */,
			);
			runOnlyForDeploymentPostprocessing = 0;
		};
		CECB53552A46B1EB007D139B /* Sources */ = {
			isa = PBXSourcesBuildPhase;
			buildActionMask = 2147483647;
			files = (
				CECB53612A46B1EC007D139B /* DrinkWaterWidgetBundle.swift in Sources */,
				CECB537B2A46C742007D139B /* DrinkWaterWidget.swift in Sources */,
				CECB53632A46B1EC007D139B /* DrinkWaterWidgetLiveActivity.swift in Sources */,
				CEDC7D392A794563007E89A9 /* UserDefaults+Extensions.swift in Sources */,
				CECB536A2A46B1EC007D139B /* DrinkWaterWidget.intentdefinition in Sources */,
			);
			runOnlyForDeploymentPostprocessing = 0;
		};
/* End PBXSourcesBuildPhase section */

/* Begin PBXTargetDependency section */
		CE22251E2A46AF2200F5DBB9 /* PBXTargetDependency */ = {
			isa = PBXTargetDependency;
			target = CE22250B2A46AF2100F5DBB9 /* DrinkWater */;
			targetProxy = CE22251D2A46AF2200F5DBB9 /* PBXContainerItemProxy */;
		};
		CE2225282A46AF2200F5DBB9 /* PBXTargetDependency */ = {
			isa = PBXTargetDependency;
			target = CE22250B2A46AF2100F5DBB9 /* DrinkWater */;
			targetProxy = CE2225272A46AF2200F5DBB9 /* PBXContainerItemProxy */;
		};
		CECB536D2A46B1EC007D139B /* PBXTargetDependency */ = {
			isa = PBXTargetDependency;
			target = CECB53582A46B1EB007D139B /* DrinkWaterWidgetExtension */;
			targetProxy = CECB536C2A46B1EC007D139B /* PBXContainerItemProxy */;
		};
/* End PBXTargetDependency section */

/* Begin XCBuildConfiguration section */
		CE22252E2A46AF2200F5DBB9 /* Debug */ = {
			isa = XCBuildConfiguration;
			buildSettings = {
				ALWAYS_SEARCH_USER_PATHS = NO;
				ASSETCATALOG_COMPILER_GENERATE_SWIFT_ASSET_SYMBOL_EXTENSIONS = YES;
				CLANG_ANALYZER_NONNULL = YES;
				CLANG_ANALYZER_NUMBER_OBJECT_CONVERSION = YES_AGGRESSIVE;
				CLANG_CXX_LANGUAGE_STANDARD = "gnu++20";
				CLANG_ENABLE_MODULES = YES;
				CLANG_ENABLE_OBJC_ARC = YES;
				CLANG_ENABLE_OBJC_WEAK = YES;
				CLANG_WARN_BLOCK_CAPTURE_AUTORELEASING = YES;
				CLANG_WARN_BOOL_CONVERSION = YES;
				CLANG_WARN_COMMA = YES;
				CLANG_WARN_CONSTANT_CONVERSION = YES;
				CLANG_WARN_DEPRECATED_OBJC_IMPLEMENTATIONS = YES;
				CLANG_WARN_DIRECT_OBJC_ISA_USAGE = YES_ERROR;
				CLANG_WARN_DOCUMENTATION_COMMENTS = YES;
				CLANG_WARN_EMPTY_BODY = YES;
				CLANG_WARN_ENUM_CONVERSION = YES;
				CLANG_WARN_INFINITE_RECURSION = YES;
				CLANG_WARN_INT_CONVERSION = YES;
				CLANG_WARN_NON_LITERAL_NULL_CONVERSION = YES;
				CLANG_WARN_OBJC_IMPLICIT_RETAIN_SELF = YES;
				CLANG_WARN_OBJC_LITERAL_CONVERSION = YES;
				CLANG_WARN_OBJC_ROOT_CLASS = YES_ERROR;
				CLANG_WARN_QUOTED_INCLUDE_IN_FRAMEWORK_HEADER = YES;
				CLANG_WARN_RANGE_LOOP_ANALYSIS = YES;
				CLANG_WARN_STRICT_PROTOTYPES = YES;
				CLANG_WARN_SUSPICIOUS_MOVE = YES;
				CLANG_WARN_UNGUARDED_AVAILABILITY = YES_AGGRESSIVE;
				CLANG_WARN_UNREACHABLE_CODE = YES;
				CLANG_WARN__DUPLICATE_METHOD_MATCH = YES;
				COPY_PHASE_STRIP = NO;
				DEBUG_INFORMATION_FORMAT = dwarf;
				ENABLE_STRICT_OBJC_MSGSEND = YES;
				ENABLE_TESTABILITY = YES;
				ENABLE_USER_SCRIPT_SANDBOXING = YES;
				GCC_C_LANGUAGE_STANDARD = gnu17;
				GCC_DYNAMIC_NO_PIC = NO;
				GCC_NO_COMMON_BLOCKS = YES;
				GCC_OPTIMIZATION_LEVEL = 0;
				GCC_PREPROCESSOR_DEFINITIONS = (
					"DEBUG=1",
					"$(inherited)",
				);
				GCC_WARN_64_TO_32_BIT_CONVERSION = YES;
				GCC_WARN_ABOUT_RETURN_TYPE = YES_ERROR;
				GCC_WARN_UNDECLARED_SELECTOR = YES;
				GCC_WARN_UNINITIALIZED_AUTOS = YES_AGGRESSIVE;
				GCC_WARN_UNUSED_FUNCTION = YES;
				GCC_WARN_UNUSED_VARIABLE = YES;
				IPHONEOS_DEPLOYMENT_TARGET = 17.0;
				LOCALIZATION_PREFERS_STRING_CATALOGS = YES;
				MTL_ENABLE_DEBUG_INFO = INCLUDE_SOURCE;
				MTL_FAST_MATH = YES;
				ONLY_ACTIVE_ARCH = YES;
				SDKROOT = iphoneos;
				SWIFT_ACTIVE_COMPILATION_CONDITIONS = "DEBUG $(inherited)";
				SWIFT_OPTIMIZATION_LEVEL = "-Onone";
			};
			name = Debug;
		};
		CE22252F2A46AF2200F5DBB9 /* Release */ = {
			isa = XCBuildConfiguration;
			buildSettings = {
				ALWAYS_SEARCH_USER_PATHS = NO;
				ASSETCATALOG_COMPILER_GENERATE_SWIFT_ASSET_SYMBOL_EXTENSIONS = YES;
				CLANG_ANALYZER_NONNULL = YES;
				CLANG_ANALYZER_NUMBER_OBJECT_CONVERSION = YES_AGGRESSIVE;
				CLANG_CXX_LANGUAGE_STANDARD = "gnu++20";
				CLANG_ENABLE_MODULES = YES;
				CLANG_ENABLE_OBJC_ARC = YES;
				CLANG_ENABLE_OBJC_WEAK = YES;
				CLANG_WARN_BLOCK_CAPTURE_AUTORELEASING = YES;
				CLANG_WARN_BOOL_CONVERSION = YES;
				CLANG_WARN_COMMA = YES;
				CLANG_WARN_CONSTANT_CONVERSION = YES;
				CLANG_WARN_DEPRECATED_OBJC_IMPLEMENTATIONS = YES;
				CLANG_WARN_DIRECT_OBJC_ISA_USAGE = YES_ERROR;
				CLANG_WARN_DOCUMENTATION_COMMENTS = YES;
				CLANG_WARN_EMPTY_BODY = YES;
				CLANG_WARN_ENUM_CONVERSION = YES;
				CLANG_WARN_INFINITE_RECURSION = YES;
				CLANG_WARN_INT_CONVERSION = YES;
				CLANG_WARN_NON_LITERAL_NULL_CONVERSION = YES;
				CLANG_WARN_OBJC_IMPLICIT_RETAIN_SELF = YES;
				CLANG_WARN_OBJC_LITERAL_CONVERSION = YES;
				CLANG_WARN_OBJC_ROOT_CLASS = YES_ERROR;
				CLANG_WARN_QUOTED_INCLUDE_IN_FRAMEWORK_HEADER = YES;
				CLANG_WARN_RANGE_LOOP_ANALYSIS = YES;
				CLANG_WARN_STRICT_PROTOTYPES = YES;
				CLANG_WARN_SUSPICIOUS_MOVE = YES;
				CLANG_WARN_UNGUARDED_AVAILABILITY = YES_AGGRESSIVE;
				CLANG_WARN_UNREACHABLE_CODE = YES;
				CLANG_WARN__DUPLICATE_METHOD_MATCH = YES;
				COPY_PHASE_STRIP = NO;
				DEBUG_INFORMATION_FORMAT = "dwarf-with-dsym";
				ENABLE_NS_ASSERTIONS = NO;
				ENABLE_STRICT_OBJC_MSGSEND = YES;
				ENABLE_USER_SCRIPT_SANDBOXING = YES;
				GCC_C_LANGUAGE_STANDARD = gnu17;
				GCC_NO_COMMON_BLOCKS = YES;
				GCC_WARN_64_TO_32_BIT_CONVERSION = YES;
				GCC_WARN_ABOUT_RETURN_TYPE = YES_ERROR;
				GCC_WARN_UNDECLARED_SELECTOR = YES;
				GCC_WARN_UNINITIALIZED_AUTOS = YES_AGGRESSIVE;
				GCC_WARN_UNUSED_FUNCTION = YES;
				GCC_WARN_UNUSED_VARIABLE = YES;
				IPHONEOS_DEPLOYMENT_TARGET = 17.0;
				LOCALIZATION_PREFERS_STRING_CATALOGS = YES;
				MTL_ENABLE_DEBUG_INFO = NO;
				MTL_FAST_MATH = YES;
				SDKROOT = iphoneos;
				SWIFT_COMPILATION_MODE = wholemodule;
				VALIDATE_PRODUCT = YES;
			};
			name = Release;
		};
		CE2225312A46AF2200F5DBB9 /* Debug */ = {
			isa = XCBuildConfiguration;
			buildSettings = {
				ALWAYS_EMBED_SWIFT_STANDARD_LIBRARIES = YES;
				ASSETCATALOG_COMPILER_APPICON_NAME = AppIcon;
				ASSETCATALOG_COMPILER_GLOBAL_ACCENT_COLOR_NAME = AccentColor;
				CODE_SIGN_ENTITLEMENTS = DrinkWater/DrinkWater.entitlements;
				CODE_SIGN_STYLE = Automatic;
				CURRENT_PROJECT_VERSION = 4;
				DEVELOPMENT_ASSET_PATHS = "\"DrinkWater/Preview Content\"";
				DEVELOPMENT_TEAM = 8UV3Y69NB7;
				ENABLE_PREVIEWS = YES;
				GENERATE_INFOPLIST_FILE = YES;
				INFOPLIST_FILE = DrinkWater/Info.plist;
				INFOPLIST_KEY_CFBundleDisplayName = "물리미";
				INFOPLIST_KEY_LSApplicationCategoryType = "public.app-category.healthcare-fitness";
				INFOPLIST_KEY_UIApplicationSceneManifest_Generation = YES;
				INFOPLIST_KEY_UIApplicationSupportsIndirectInputEvents = YES;
				INFOPLIST_KEY_UILaunchScreen_Generation = YES;
				INFOPLIST_KEY_UISupportedInterfaceOrientations = UIInterfaceOrientationPortrait;
				INFOPLIST_KEY_UISupportedInterfaceOrientations_iPad = "UIInterfaceOrientationLandscapeLeft UIInterfaceOrientationLandscapeRight UIInterfaceOrientationPortrait UIInterfaceOrientationPortraitUpsideDown";
				IPHONEOS_DEPLOYMENT_TARGET = 16.4;
				LD_RUNPATH_SEARCH_PATHS = (
					"$(inherited)",
					"@executable_path/Frameworks",
				);
				MARKETING_VERSION = 1.0.3;
				PRODUCT_BUNDLE_IDENTIFIER = gaeng2y.DrinkWater;
				PRODUCT_NAME = "$(TARGET_NAME)";
				SUPPORTED_PLATFORMS = "iphoneos iphonesimulator";
				SUPPORTS_MACCATALYST = NO;
				SUPPORTS_MAC_DESIGNED_FOR_IPHONE_IPAD = YES;
				SWIFT_EMIT_LOC_STRINGS = YES;
				SWIFT_VERSION = 5.0;
				TARGETED_DEVICE_FAMILY = 1;
			};
			name = Debug;
		};
		CE2225322A46AF2200F5DBB9 /* Release */ = {
			isa = XCBuildConfiguration;
			buildSettings = {
				ALWAYS_EMBED_SWIFT_STANDARD_LIBRARIES = YES;
				ASSETCATALOG_COMPILER_APPICON_NAME = AppIcon;
				ASSETCATALOG_COMPILER_GLOBAL_ACCENT_COLOR_NAME = AccentColor;
				CODE_SIGN_ENTITLEMENTS = DrinkWater/DrinkWater.entitlements;
				CODE_SIGN_STYLE = Automatic;
				CURRENT_PROJECT_VERSION = 4;
				DEVELOPMENT_ASSET_PATHS = "\"DrinkWater/Preview Content\"";
				DEVELOPMENT_TEAM = 8UV3Y69NB7;
				ENABLE_PREVIEWS = YES;
				GENERATE_INFOPLIST_FILE = YES;
				INFOPLIST_FILE = DrinkWater/Info.plist;
				INFOPLIST_KEY_CFBundleDisplayName = "물리미";
				INFOPLIST_KEY_LSApplicationCategoryType = "public.app-category.healthcare-fitness";
				INFOPLIST_KEY_UIApplicationSceneManifest_Generation = YES;
				INFOPLIST_KEY_UIApplicationSupportsIndirectInputEvents = YES;
				INFOPLIST_KEY_UILaunchScreen_Generation = YES;
				INFOPLIST_KEY_UISupportedInterfaceOrientations = UIInterfaceOrientationPortrait;
				INFOPLIST_KEY_UISupportedInterfaceOrientations_iPad = "UIInterfaceOrientationLandscapeLeft UIInterfaceOrientationLandscapeRight UIInterfaceOrientationPortrait UIInterfaceOrientationPortraitUpsideDown";
				IPHONEOS_DEPLOYMENT_TARGET = 16.4;
				LD_RUNPATH_SEARCH_PATHS = (
					"$(inherited)",
					"@executable_path/Frameworks",
				);
				MARKETING_VERSION = 1.0.3;
				PRODUCT_BUNDLE_IDENTIFIER = gaeng2y.DrinkWater;
				PRODUCT_NAME = "$(TARGET_NAME)";
				SUPPORTED_PLATFORMS = "iphoneos iphonesimulator";
				SUPPORTS_MACCATALYST = NO;
				SUPPORTS_MAC_DESIGNED_FOR_IPHONE_IPAD = YES;
				SWIFT_EMIT_LOC_STRINGS = YES;
				SWIFT_VERSION = 5.0;
				TARGETED_DEVICE_FAMILY = 1;
			};
			name = Release;
		};
		CE2225342A46AF2200F5DBB9 /* Debug */ = {
			isa = XCBuildConfiguration;
			buildSettings = {
				ALWAYS_EMBED_SWIFT_STANDARD_LIBRARIES = YES;
				BUNDLE_LOADER = "$(TEST_HOST)";
				CODE_SIGN_STYLE = Automatic;
				CURRENT_PROJECT_VERSION = 1;
				DEVELOPMENT_TEAM = 8UV3Y69NB7;
				GENERATE_INFOPLIST_FILE = YES;
				IPHONEOS_DEPLOYMENT_TARGET = 16.4;
				MARKETING_VERSION = 1.0;
				PRODUCT_BUNDLE_IDENTIFIER = gaeng2y.DrinkWaterTests;
				PRODUCT_NAME = "$(TARGET_NAME)";
				SWIFT_EMIT_LOC_STRINGS = NO;
				SWIFT_VERSION = 5.0;
				TARGETED_DEVICE_FAMILY = "1,2";
				TEST_HOST = "$(BUILT_PRODUCTS_DIR)/DrinkWater.app/$(BUNDLE_EXECUTABLE_FOLDER_PATH)/DrinkWater";
			};
			name = Debug;
		};
		CE2225352A46AF2200F5DBB9 /* Release */ = {
			isa = XCBuildConfiguration;
			buildSettings = {
				ALWAYS_EMBED_SWIFT_STANDARD_LIBRARIES = YES;
				BUNDLE_LOADER = "$(TEST_HOST)";
				CODE_SIGN_STYLE = Automatic;
				CURRENT_PROJECT_VERSION = 1;
				DEVELOPMENT_TEAM = 8UV3Y69NB7;
				GENERATE_INFOPLIST_FILE = YES;
				IPHONEOS_DEPLOYMENT_TARGET = 16.4;
				MARKETING_VERSION = 1.0;
				PRODUCT_BUNDLE_IDENTIFIER = gaeng2y.DrinkWaterTests;
				PRODUCT_NAME = "$(TARGET_NAME)";
				SWIFT_EMIT_LOC_STRINGS = NO;
				SWIFT_VERSION = 5.0;
				TARGETED_DEVICE_FAMILY = "1,2";
				TEST_HOST = "$(BUILT_PRODUCTS_DIR)/DrinkWater.app/$(BUNDLE_EXECUTABLE_FOLDER_PATH)/DrinkWater";
			};
			name = Release;
		};
		CE2225372A46AF2200F5DBB9 /* Debug */ = {
			isa = XCBuildConfiguration;
			buildSettings = {
				ALWAYS_EMBED_SWIFT_STANDARD_LIBRARIES = YES;
				CODE_SIGN_STYLE = Automatic;
				CURRENT_PROJECT_VERSION = 1;
				DEVELOPMENT_TEAM = 8UV3Y69NB7;
				GENERATE_INFOPLIST_FILE = YES;
				IPHONEOS_DEPLOYMENT_TARGET = 16.4;
				MARKETING_VERSION = 1.0;
				PRODUCT_BUNDLE_IDENTIFIER = gaeng2y.DrinkWaterUITests;
				PRODUCT_NAME = "$(TARGET_NAME)";
				SWIFT_EMIT_LOC_STRINGS = NO;
				SWIFT_VERSION = 5.0;
				TARGETED_DEVICE_FAMILY = "1,2";
				TEST_TARGET_NAME = DrinkWater;
			};
			name = Debug;
		};
		CE2225382A46AF2200F5DBB9 /* Release */ = {
			isa = XCBuildConfiguration;
			buildSettings = {
				ALWAYS_EMBED_SWIFT_STANDARD_LIBRARIES = YES;
				CODE_SIGN_STYLE = Automatic;
				CURRENT_PROJECT_VERSION = 1;
				DEVELOPMENT_TEAM = 8UV3Y69NB7;
				GENERATE_INFOPLIST_FILE = YES;
				IPHONEOS_DEPLOYMENT_TARGET = 16.4;
				MARKETING_VERSION = 1.0;
				PRODUCT_BUNDLE_IDENTIFIER = gaeng2y.DrinkWaterUITests;
				PRODUCT_NAME = "$(TARGET_NAME)";
				SWIFT_EMIT_LOC_STRINGS = NO;
				SWIFT_VERSION = 5.0;
				TARGETED_DEVICE_FAMILY = "1,2";
				TEST_TARGET_NAME = DrinkWater;
			};
			name = Release;
		};
		CECB53702A46B1EC007D139B /* Debug */ = {
			isa = XCBuildConfiguration;
			buildSettings = {
				ASSETCATALOG_COMPILER_GLOBAL_ACCENT_COLOR_NAME = AccentColor;
				ASSETCATALOG_COMPILER_WIDGET_BACKGROUND_COLOR_NAME = WidgetBackground;
				CODE_SIGN_ENTITLEMENTS = DrinkWaterWidgetExtension.entitlements;
				CODE_SIGN_STYLE = Automatic;
				CURRENT_PROJECT_VERSION = 4;
				DEVELOPMENT_TEAM = 8UV3Y69NB7;
				GCC_C_LANGUAGE_STANDARD = gnu11;
				GENERATE_INFOPLIST_FILE = YES;
				INFOPLIST_FILE = DrinkWaterWidget/Info.plist;
				INFOPLIST_KEY_CFBundleDisplayName = DrinkWaterWidget;
				INFOPLIST_KEY_NSHumanReadableCopyright = "";
				IPHONEOS_DEPLOYMENT_TARGET = 16.4;
				LD_RUNPATH_SEARCH_PATHS = (
					"$(inherited)",
					"@executable_path/Frameworks",
					"@executable_path/../../Frameworks",
				);
				MARKETING_VERSION = 1.0.3;
				PRODUCT_BUNDLE_IDENTIFIER = gaeng2y.DrinkWater.DrinkWaterWidget;
				PRODUCT_NAME = "$(TARGET_NAME)";
				SKIP_INSTALL = YES;
				SWIFT_ACTIVE_COMPILATION_CONDITIONS = DEBUG;
				SWIFT_EMIT_LOC_STRINGS = YES;
				SWIFT_VERSION = 5.0;
				TARGETED_DEVICE_FAMILY = "1,2";
			};
			name = Debug;
		};
		CECB53712A46B1EC007D139B /* Release */ = {
			isa = XCBuildConfiguration;
			buildSettings = {
				ASSETCATALOG_COMPILER_GLOBAL_ACCENT_COLOR_NAME = AccentColor;
				ASSETCATALOG_COMPILER_WIDGET_BACKGROUND_COLOR_NAME = WidgetBackground;
				CODE_SIGN_ENTITLEMENTS = DrinkWaterWidgetExtension.entitlements;
				CODE_SIGN_STYLE = Automatic;
				CURRENT_PROJECT_VERSION = 4;
				DEVELOPMENT_TEAM = 8UV3Y69NB7;
				GCC_C_LANGUAGE_STANDARD = gnu11;
				GENERATE_INFOPLIST_FILE = YES;
				INFOPLIST_FILE = DrinkWaterWidget/Info.plist;
				INFOPLIST_KEY_CFBundleDisplayName = DrinkWaterWidget;
				INFOPLIST_KEY_NSHumanReadableCopyright = "";
				IPHONEOS_DEPLOYMENT_TARGET = 16.4;
				LD_RUNPATH_SEARCH_PATHS = (
					"$(inherited)",
					"@executable_path/Frameworks",
					"@executable_path/../../Frameworks",
				);
				MARKETING_VERSION = 1.0.3;
				PRODUCT_BUNDLE_IDENTIFIER = gaeng2y.DrinkWater.DrinkWaterWidget;
				PRODUCT_NAME = "$(TARGET_NAME)";
				SKIP_INSTALL = YES;
				SWIFT_EMIT_LOC_STRINGS = YES;
				SWIFT_OPTIMIZATION_LEVEL = "-O";
				SWIFT_VERSION = 5.0;
				TARGETED_DEVICE_FAMILY = "1,2";
			};
			name = Release;
		};
/* End XCBuildConfiguration section */

/* Begin XCConfigurationList section */
		CE2225072A46AF2100F5DBB9 /* Build configuration list for PBXProject "DrinkWater" */ = {
			isa = XCConfigurationList;
			buildConfigurations = (
				CE22252E2A46AF2200F5DBB9 /* Debug */,
				CE22252F2A46AF2200F5DBB9 /* Release */,
			);
			defaultConfigurationIsVisible = 0;
			defaultConfigurationName = Release;
		};
		CE2225302A46AF2200F5DBB9 /* Build configuration list for PBXNativeTarget "DrinkWater" */ = {
			isa = XCConfigurationList;
			buildConfigurations = (
				CE2225312A46AF2200F5DBB9 /* Debug */,
				CE2225322A46AF2200F5DBB9 /* Release */,
			);
			defaultConfigurationIsVisible = 0;
			defaultConfigurationName = Release;
		};
		CE2225332A46AF2200F5DBB9 /* Build configuration list for PBXNativeTarget "DrinkWaterTests" */ = {
			isa = XCConfigurationList;
			buildConfigurations = (
				CE2225342A46AF2200F5DBB9 /* Debug */,
				CE2225352A46AF2200F5DBB9 /* Release */,
			);
			defaultConfigurationIsVisible = 0;
			defaultConfigurationName = Release;
		};
		CE2225362A46AF2200F5DBB9 /* Build configuration list for PBXNativeTarget "DrinkWaterUITests" */ = {
			isa = XCConfigurationList;
			buildConfigurations = (
				CE2225372A46AF2200F5DBB9 /* Debug */,
				CE2225382A46AF2200F5DBB9 /* Release */,
			);
			defaultConfigurationIsVisible = 0;
			defaultConfigurationName = Release;
		};
		CECB53722A46B1EC007D139B /* Build configuration list for PBXNativeTarget "DrinkWaterWidgetExtension" */ = {
			isa = XCConfigurationList;
			buildConfigurations = (
				CECB53702A46B1EC007D139B /* Debug */,
				CECB53712A46B1EC007D139B /* Release */,
			);
			defaultConfigurationIsVisible = 0;
			defaultConfigurationName = Release;
		};
/* End XCConfigurationList section */

/* Begin XCRemoteSwiftPackageReference section */
		CEE66B322A55C729001A1197 /* XCRemoteSwiftPackageReference "lottie-spm" */ = {
			isa = XCRemoteSwiftPackageReference;
			repositoryURL = "https://github.com/airbnb/lottie-spm.git";
			requirement = {
				kind = upToNextMajorVersion;
				minimumVersion = 4.0.0;
			};
		};
/* End XCRemoteSwiftPackageReference section */

/* Begin XCSwiftPackageProductDependency section */
		CEE66B332A55C729001A1197 /* Lottie */ = {
			isa = XCSwiftPackageProductDependency;
			package = CEE66B322A55C729001A1197 /* XCRemoteSwiftPackageReference "lottie-spm" */;
			productName = Lottie;
		};
/* End XCSwiftPackageProductDependency section */
	};
	rootObject = CE2225042A46AF2100F5DBB9 /* Project object */;
}
